// !$*UTF8*$!
{
	archiveVersion = 1;
	classes = {
	};
	objectVersion = 55;
	objects = {

/* Begin PBXBuildFile section */
		4F9A8A162899A12E002EA038 /* AppDelegate.swift in Sources */ = {isa = PBXBuildFile; fileRef = 4F9A8A152899A12E002EA038 /* AppDelegate.swift */; };
		4F9A8A182899A12E002EA038 /* SceneDelegate.swift in Sources */ = {isa = PBXBuildFile; fileRef = 4F9A8A172899A12E002EA038 /* SceneDelegate.swift */; };
		4F9A8A1A2899A12E002EA038 /* ViewController.swift in Sources */ = {isa = PBXBuildFile; fileRef = 4F9A8A192899A12E002EA038 /* ViewController.swift */; };
		4F9A8A1D2899A12E002EA038 /* Main.storyboard in Resources */ = {isa = PBXBuildFile; fileRef = 4F9A8A1B2899A12E002EA038 /* Main.storyboard */; };
		4F9A8A202899A12E002EA038 /* hidden_history.xcdatamodeld in Sources */ = {isa = PBXBuildFile; fileRef = 4F9A8A1E2899A12E002EA038 /* hidden_history.xcdatamodeld */; };
		4F9A8A222899A134002EA038 /* Assets.xcassets in Resources */ = {isa = PBXBuildFile; fileRef = 4F9A8A212899A134002EA038 /* Assets.xcassets */; };
		4F9A8A252899A134002EA038 /* LaunchScreen.storyboard in Resources */ = {isa = PBXBuildFile; fileRef = 4F9A8A232899A134002EA038 /* LaunchScreen.storyboard */; };
		4F9A8A302899A134002EA038 /* hidden_historyTests.swift in Sources */ = {isa = PBXBuildFile; fileRef = 4F9A8A2F2899A134002EA038 /* hidden_historyTests.swift */; };
		4F9A8A3A2899A134002EA038 /* hidden_historyUITests.swift in Sources */ = {isa = PBXBuildFile; fileRef = 4F9A8A392899A134002EA038 /* hidden_historyUITests.swift */; };
		4F9A8A3C2899A134002EA038 /* hidden_historyUITestsLaunchTests.swift in Sources */ = {isa = PBXBuildFile; fileRef = 4F9A8A3B2899A134002EA038 /* hidden_historyUITestsLaunchTests.swift */; };
/* End PBXBuildFile section */

/* Begin PBXContainerItemProxy section */
		4F9A8A2C2899A134002EA038 /* PBXContainerItemProxy */ = {
			isa = PBXContainerItemProxy;
			containerPortal = 4F9A8A0A2899A12E002EA038 /* Project object */;
			proxyType = 1;
			remoteGlobalIDString = 4F9A8A112899A12E002EA038;
			remoteInfo = "hidden history";
		};
		4F9A8A362899A134002EA038 /* PBXContainerItemProxy */ = {
			isa = PBXContainerItemProxy;
			containerPortal = 4F9A8A0A2899A12E002EA038 /* Project object */;
			proxyType = 1;
			remoteGlobalIDString = 4F9A8A112899A12E002EA038;
			remoteInfo = "hidden history";
		};
/* End PBXContainerItemProxy section */

/* Begin PBXFileReference section */
		4F9A8A122899A12E002EA038 /* hidden history.app */ = {isa = PBXFileReference; explicitFileType = wrapper.application; includeInIndex = 0; path = "hidden history.app"; sourceTree = BUILT_PRODUCTS_DIR; };
		4F9A8A152899A12E002EA038 /* AppDelegate.swift */ = {isa = PBXFileReference; lastKnownFileType = sourcecode.swift; path = AppDelegate.swift; sourceTree = "<group>"; };
		4F9A8A172899A12E002EA038 /* SceneDelegate.swift */ = {isa = PBXFileReference; lastKnownFileType = sourcecode.swift; path = SceneDelegate.swift; sourceTree = "<group>"; };
		4F9A8A192899A12E002EA038 /* ViewController.swift */ = {isa = PBXFileReference; lastKnownFileType = sourcecode.swift; path = ViewController.swift; sourceTree = "<group>"; };
		4F9A8A1C2899A12E002EA038 /* Base */ = {isa = PBXFileReference; lastKnownFileType = file.storyboard; name = Base; path = Base.lproj/Main.storyboard; sourceTree = "<group>"; };
		4F9A8A1F2899A12E002EA038 /* hidden_history.xcdatamodel */ = {isa = PBXFileReference; lastKnownFileType = wrapper.xcdatamodel; path = hidden_history.xcdatamodel; sourceTree = "<group>"; };
		4F9A8A212899A134002EA038 /* Assets.xcassets */ = {isa = PBXFileReference; lastKnownFileType = folder.assetcatalog; path = Assets.xcassets; sourceTree = "<group>"; };
		4F9A8A242899A134002EA038 /* Base */ = {isa = PBXFileReference; lastKnownFileType = file.storyboard; name = Base; path = Base.lproj/LaunchScreen.storyboard; sourceTree = "<group>"; };
		4F9A8A262899A134002EA038 /* Info.plist */ = {isa = PBXFileReference; lastKnownFileType = text.plist.xml; path = Info.plist; sourceTree = "<group>"; };
		4F9A8A2B2899A134002EA038 /* hidden historyTests.xctest */ = {isa = PBXFileReference; explicitFileType = wrapper.cfbundle; includeInIndex = 0; path = "hidden historyTests.xctest"; sourceTree = BUILT_PRODUCTS_DIR; };
		4F9A8A2F2899A134002EA038 /* hidden_historyTests.swift */ = {isa = PBXFileReference; lastKnownFileType = sourcecode.swift; path = hidden_historyTests.swift; sourceTree = "<group>"; };
		4F9A8A352899A134002EA038 /* hidden historyUITests.xctest */ = {isa = PBXFileReference; explicitFileType = wrapper.cfbundle; includeInIndex = 0; path = "hidden historyUITests.xctest"; sourceTree = BUILT_PRODUCTS_DIR; };
		4F9A8A392899A134002EA038 /* hidden_historyUITests.swift */ = {isa = PBXFileReference; lastKnownFileType = sourcecode.swift; path = hidden_historyUITests.swift; sourceTree = "<group>"; };
		4F9A8A3B2899A134002EA038 /* hidden_historyUITestsLaunchTests.swift */ = {isa = PBXFileReference; lastKnownFileType = sourcecode.swift; path = hidden_historyUITestsLaunchTests.swift; sourceTree = "<group>"; };
/* End PBXFileReference section */

/* Begin PBXFrameworksBuildPhase section */
		4F9A8A0F2899A12E002EA038 /* Frameworks */ = {
			isa = PBXFrameworksBuildPhase;
			buildActionMask = 2147483647;
			files = (
			);
			runOnlyForDeploymentPostprocessing = 0;
		};
		4F9A8A282899A134002EA038 /* Frameworks */ = {
			isa = PBXFrameworksBuildPhase;
			buildActionMask = 2147483647;
			files = (
			);
			runOnlyForDeploymentPostprocessing = 0;
		};
		4F9A8A322899A134002EA038 /* Frameworks */ = {
			isa = PBXFrameworksBuildPhase;
			buildActionMask = 2147483647;
			files = (
			);
			runOnlyForDeploymentPostprocessing = 0;
		};
/* End PBXFrameworksBuildPhase section */

/* Begin PBXGroup section */
		4F9A8A092899A12E002EA038 = {
			isa = PBXGroup;
			children = (
				4F9A8A142899A12E002EA038 /* hidden history */,
				4F9A8A2E2899A134002EA038 /* hidden historyTests */,
				4F9A8A382899A134002EA038 /* hidden historyUITests */,
				4F9A8A132899A12E002EA038 /* Products */,
			);
			sourceTree = "<group>";
		};
		4F9A8A132899A12E002EA038 /* Products */ = {
			isa = PBXGroup;
			children = (
				4F9A8A122899A12E002EA038 /* hidden history.app */,
				4F9A8A2B2899A134002EA038 /* hidden historyTests.xctest */,
				4F9A8A352899A134002EA038 /* hidden historyUITests.xctest */,
			);
			name = Products;
			sourceTree = "<group>";
		};
		4F9A8A142899A12E002EA038 /* hidden history */ = {
			isa = PBXGroup;
			children = (
				4F9A8A152899A12E002EA038 /* AppDelegate.swift */,
				4F9A8A172899A12E002EA038 /* SceneDelegate.swift */,
				4F9A8A192899A12E002EA038 /* ViewController.swift */,
				4F9A8A1B2899A12E002EA038 /* Main.storyboard */,
				4F9A8A212899A134002EA038 /* Assets.xcassets */,
				4F9A8A232899A134002EA038 /* LaunchScreen.storyboard */,
				4F9A8A262899A134002EA038 /* Info.plist */,
				4F9A8A1E2899A12E002EA038 /* hidden_history.xcdatamodeld */,
			);
			path = "hidden history";
			sourceTree = "<group>";
		};
		4F9A8A2E2899A134002EA038 /* hidden historyTests */ = {
			isa = PBXGroup;
			children = (
				4F9A8A2F2899A134002EA038 /* hidden_historyTests.swift */,
			);
			path = "hidden historyTests";
			sourceTree = "<group>";
		};
		4F9A8A382899A134002EA038 /* hidden historyUITests */ = {
			isa = PBXGroup;
			children = (
				4F9A8A392899A134002EA038 /* hidden_historyUITests.swift */,
				4F9A8A3B2899A134002EA038 /* hidden_historyUITestsLaunchTests.swift */,
			);
			path = "hidden historyUITests";
			sourceTree = "<group>";
		};
/* End PBXGroup section */

/* Begin PBXNativeTarget section */
		4F9A8A112899A12E002EA038 /* hidden history */ = {
			isa = PBXNativeTarget;
			buildConfigurationList = 4F9A8A3F2899A134002EA038 /* Build configuration list for PBXNativeTarget "hidden history" */;
			buildPhases = (
				4F9A8A0E2899A12E002EA038 /* Sources */,
				4F9A8A0F2899A12E002EA038 /* Frameworks */,
				4F9A8A102899A12E002EA038 /* Resources */,
			);
			buildRules = (
			);
			dependencies = (
			);
			name = "hidden history";
			productName = "hidden history";
			productReference = 4F9A8A122899A12E002EA038 /* hidden history.app */;
			productType = "com.apple.product-type.application";
		};
		4F9A8A2A2899A134002EA038 /* hidden historyTests */ = {
			isa = PBXNativeTarget;
			buildConfigurationList = 4F9A8A422899A134002EA038 /* Build configuration list for PBXNativeTarget "hidden historyTests" */;
			buildPhases = (
				4F9A8A272899A134002EA038 /* Sources */,
				4F9A8A282899A134002EA038 /* Frameworks */,
				4F9A8A292899A134002EA038 /* Resources */,
			);
			buildRules = (
			);
			dependencies = (
				4F9A8A2D2899A134002EA038 /* PBXTargetDependency */,
			);
			name = "hidden historyTests";
			productName = "hidden historyTests";
			productReference = 4F9A8A2B2899A134002EA038 /* hidden historyTests.xctest */;
			productType = "com.apple.product-type.bundle.unit-test";
		};
		4F9A8A342899A134002EA038 /* hidden historyUITests */ = {
			isa = PBXNativeTarget;
			buildConfigurationList = 4F9A8A452899A134002EA038 /* Build configuration list for PBXNativeTarget "hidden historyUITests" */;
			buildPhases = (
				4F9A8A312899A134002EA038 /* Sources */,
				4F9A8A322899A134002EA038 /* Frameworks */,
				4F9A8A332899A134002EA038 /* Resources */,
			);
			buildRules = (
			);
			dependencies = (
				4F9A8A372899A134002EA038 /* PBXTargetDependency */,
			);
			name = "hidden historyUITests";
			productName = "hidden historyUITests";
			productReference = 4F9A8A352899A134002EA038 /* hidden historyUITests.xctest */;
			productType = "com.apple.product-type.bundle.ui-testing";
		};
/* End PBXNativeTarget section */

/* Begin PBXProject section */
		4F9A8A0A2899A12E002EA038 /* Project object */ = {
			isa = PBXProject;
			attributes = {
				BuildIndependentTargetsInParallel = 1;
				LastSwiftUpdateCheck = 1320;
				LastUpgradeCheck = 1320;
				TargetAttributes = {
					4F9A8A112899A12E002EA038 = {
						CreatedOnToolsVersion = 13.2.1;
					};
					4F9A8A2A2899A134002EA038 = {
						CreatedOnToolsVersion = 13.2.1;
						TestTargetID = 4F9A8A112899A12E002EA038;
					};
					4F9A8A342899A134002EA038 = {
						CreatedOnToolsVersion = 13.2.1;
						TestTargetID = 4F9A8A112899A12E002EA038;
					};
				};
			};
			buildConfigurationList = 4F9A8A0D2899A12E002EA038 /* Build configuration list for PBXProject "hidden history" */;
			compatibilityVersion = "Xcode 13.0";
			developmentRegion = en;
			hasScannedForEncodings = 0;
			knownRegions = (
				en,
				Base,
			);
			mainGroup = 4F9A8A092899A12E002EA038;
			productRefGroup = 4F9A8A132899A12E002EA038 /* Products */;
			projectDirPath = "";
			projectRoot = "";
			targets = (
				4F9A8A112899A12E002EA038 /* hidden history */,
				4F9A8A2A2899A134002EA038 /* hidden historyTests */,
				4F9A8A342899A134002EA038 /* hidden historyUITests */,
			);
		};
/* End PBXProject section */

/* Begin PBXResourcesBuildPhase section */
		4F9A8A102899A12E002EA038 /* Resources */ = {
			isa = PBXResourcesBuildPhase;
			buildActionMask = 2147483647;
			files = (
				4F9A8A252899A134002EA038 /* LaunchScreen.storyboard in Resources */,
				4F9A8A222899A134002EA038 /* Assets.xcassets in Resources */,
				4F9A8A1D2899A12E002EA038 /* Main.storyboard in Resources */,
			);
			runOnlyForDeploymentPostprocessing = 0;
		};
		4F9A8A292899A134002EA038 /* Resources */ = {
			isa = PBXResourcesBuildPhase;
			buildActionMask = 2147483647;
			files = (
			);
			runOnlyForDeploymentPostprocessing = 0;
		};
		4F9A8A332899A134002EA038 /* Resources */ = {
			isa = PBXResourcesBuildPhase;
			buildActionMask = 2147483647;
			files = (
			);
			runOnlyForDeploymentPostprocessing = 0;
		};
/* End PBXResourcesBuildPhase section */

/* Begin PBXSourcesBuildPhase section */
		4F9A8A0E2899A12E002EA038 /* Sources */ = {
			isa = PBXSourcesBuildPhase;
			buildActionMask = 2147483647;
			files = (
				4F9A8A202899A12E002EA038 /* hidden_history.xcdatamodeld in Sources */,
				4F9A8A1A2899A12E002EA038 /* ViewController.swift in Sources */,
				4F9A8A162899A12E002EA038 /* AppDelegate.swift in Sources */,
				4F9A8A182899A12E002EA038 /* SceneDelegate.swift in Sources */,
			);
			runOnlyForDeploymentPostprocessing = 0;
		};
		4F9A8A272899A134002EA038 /* Sources */ = {
			isa = PBXSourcesBuildPhase;
			buildActionMask = 2147483647;
			files = (
				4F9A8A302899A134002EA038 /* hidden_historyTests.swift in Sources */,
			);
			runOnlyForDeploymentPostprocessing = 0;
		};
		4F9A8A312899A134002EA038 /* Sources */ = {
			isa = PBXSourcesBuildPhase;
			buildActionMask = 2147483647;
			files = (
				4F9A8A3A2899A134002EA038 /* hidden_historyUITests.swift in Sources */,
				4F9A8A3C2899A134002EA038 /* hidden_historyUITestsLaunchTests.swift in Sources */,
			);
			runOnlyForDeploymentPostprocessing = 0;
		};
/* End PBXSourcesBuildPhase section */

/* Begin PBXTargetDependency section */
		4F9A8A2D2899A134002EA038 /* PBXTargetDependency */ = {
			isa = PBXTargetDependency;
			target = 4F9A8A112899A12E002EA038 /* hidden history */;
			targetProxy = 4F9A8A2C2899A134002EA038 /* PBXContainerItemProxy */;
		};
		4F9A8A372899A134002EA038 /* PBXTargetDependency */ = {
			isa = PBXTargetDependency;
			target = 4F9A8A112899A12E002EA038 /* hidden history */;
			targetProxy = 4F9A8A362899A134002EA038 /* PBXContainerItemProxy */;
		};
/* End PBXTargetDependency section */

/* Begin PBXVariantGroup section */
		4F9A8A1B2899A12E002EA038 /* Main.storyboard */ = {
			isa = PBXVariantGroup;
			children = (
				4F9A8A1C2899A12E002EA038 /* Base */,
			);
			name = Main.storyboard;
			sourceTree = "<group>";
		};
		4F9A8A232899A134002EA038 /* LaunchScreen.storyboard */ = {
			isa = PBXVariantGroup;
			children = (
				4F9A8A242899A134002EA038 /* Base */,
			);
			name = LaunchScreen.storyboard;
			sourceTree = "<group>";
		};
/* End PBXVariantGroup section */

/* Begin XCBuildConfiguration section */
		4F9A8A3D2899A134002EA038 /* Debug */ = {
			isa = XCBuildConfiguration;
			buildSettings = {
				ALWAYS_SEARCH_USER_PATHS = NO;
				CLANG_ANALYZER_NONNULL = YES;
				CLANG_ANALYZER_NUMBER_OBJECT_CONVERSION = YES_AGGRESSIVE;
				CLANG_CXX_LANGUAGE_STANDARD = "gnu++17";
				CLANG_CXX_LIBRARY = "libc++";
				CLANG_ENABLE_MODULES = YES;
				CLANG_ENABLE_OBJC_ARC = YES;
				CLANG_ENABLE_OBJC_WEAK = YES;
				CLANG_WARN_BLOCK_CAPTURE_AUTORELEASING = YES;
				CLANG_WARN_BOOL_CONVERSION = YES;
				CLANG_WARN_COMMA = YES;
				CLANG_WARN_CONSTANT_CONVERSION = YES;
				CLANG_WARN_DEPRECATED_OBJC_IMPLEMENTATIONS = YES;
				CLANG_WARN_DIRECT_OBJC_ISA_USAGE = YES_ERROR;
				CLANG_WARN_DOCUMENTATION_COMMENTS = YES;
				CLANG_WARN_EMPTY_BODY = YES;
				CLANG_WARN_ENUM_CONVERSION = YES;
				CLANG_WARN_INFINITE_RECURSION = YES;
				CLANG_WARN_INT_CONVERSION = YES;
				CLANG_WARN_NON_LITERAL_NULL_CONVERSION = YES;
				CLANG_WARN_OBJC_IMPLICIT_RETAIN_SELF = YES;
				CLANG_WARN_OBJC_LITERAL_CONVERSION = YES;
				CLANG_WARN_OBJC_ROOT_CLASS = YES_ERROR;
				CLANG_WARN_QUOTED_INCLUDE_IN_FRAMEWORK_HEADER = YES;
				CLANG_WARN_RANGE_LOOP_ANALYSIS = YES;
				CLANG_WARN_STRICT_PROTOTYPES = YES;
				CLANG_WARN_SUSPICIOUS_MOVE = YES;
				CLANG_WARN_UNGUARDED_AVAILABILITY = YES_AGGRESSIVE;
				CLANG_WARN_UNREACHABLE_CODE = YES;
				CLANG_WARN__DUPLICATE_METHOD_MATCH = YES;
				COPY_PHASE_STRIP = NO;
				DEBUG_INFORMATION_FORMAT = dwarf;
				ENABLE_STRICT_OBJC_MSGSEND = YES;
				ENABLE_TESTABILITY = YES;
				GCC_C_LANGUAGE_STANDARD = gnu11;
				GCC_DYNAMIC_NO_PIC = NO;
				GCC_NO_COMMON_BLOCKS = YES;
				GCC_OPTIMIZATION_LEVEL = 0;
				GCC_PREPROCESSOR_DEFINITIONS = (
					"DEBUG=1",
					"$(inherited)",
				);
				GCC_WARN_64_TO_32_BIT_CONVERSION = YES;
				GCC_WARN_ABOUT_RETURN_TYPE = YES_ERROR;
				GCC_WARN_UNDECLARED_SELECTOR = YES;
				GCC_WARN_UNINITIALIZED_AUTOS = YES_AGGRESSIVE;
				GCC_WARN_UNUSED_FUNCTION = YES;
				GCC_WARN_UNUSED_VARIABLE = YES;
				IPHONEOS_DEPLOYMENT_TARGET = 15.2;
				MTL_ENABLE_DEBUG_INFO = INCLUDE_SOURCE;
				MTL_FAST_MATH = YES;
				ONLY_ACTIVE_ARCH = YES;
				SDKROOT = iphoneos;
				SWIFT_ACTIVE_COMPILATION_CONDITIONS = DEBUG;
				SWIFT_OPTIMIZATION_LEVEL = "-Onone";
			};
			name = Debug;
		};
		4F9A8A3E2899A134002EA038 /* Release */ = {
			isa = XCBuildConfiguration;
			buildSettings = {
				ALWAYS_SEARCH_USER_PATHS = NO;
				CLANG_ANALYZER_NONNULL = YES;
				CLANG_ANALYZER_NUMBER_OBJECT_CONVERSION = YES_AGGRESSIVE;
				CLANG_CXX_LANGUAGE_STANDARD = "gnu++17";
				CLANG_CXX_LIBRARY = "libc++";
				CLANG_ENABLE_MODULES = YES;
				CLANG_ENABLE_OBJC_ARC = YES;
				CLANG_ENABLE_OBJC_WEAK = YES;
				CLANG_WARN_BLOCK_CAPTURE_AUTORELEASING = YES;
				CLANG_WARN_BOOL_CONVERSION = YES;
				CLANG_WARN_COMMA = YES;
				CLANG_WARN_CONSTANT_CONVERSION = YES;
				CLANG_WARN_DEPRECATED_OBJC_IMPLEMENTATIONS = YES;
				CLANG_WARN_DIRECT_OBJC_ISA_USAGE = YES_ERROR;
				CLANG_WARN_DOCUMENTATION_COMMENTS = YES;
				CLANG_WARN_EMPTY_BODY = YES;
				CLANG_WARN_ENUM_CONVERSION = YES;
				CLANG_WARN_INFINITE_RECURSION = YES;
				CLANG_WARN_INT_CONVERSION = YES;
				CLANG_WARN_NON_LITERAL_NULL_CONVERSION = YES;
				CLANG_WARN_OBJC_IMPLICIT_RETAIN_SELF = YES;
				CLANG_WARN_OBJC_LITERAL_CONVERSION = YES;
				CLANG_WARN_OBJC_ROOT_CLASS = YES_ERROR;
				CLANG_WARN_QUOTED_INCLUDE_IN_FRAMEWORK_HEADER = YES;
				CLANG_WARN_RANGE_LOOP_ANALYSIS = YES;
				CLANG_WARN_STRICT_PROTOTYPES = YES;
				CLANG_WARN_SUSPICIOUS_MOVE = YES;
				CLANG_WARN_UNGUARDED_AVAILABILITY = YES_AGGRESSIVE;
				CLANG_WARN_UNREACHABLE_CODE = YES;
				CLANG_WARN__DUPLICATE_METHOD_MATCH = YES;
				COPY_PHASE_STRIP = NO;
				DEBUG_INFORMATION_FORMAT = "dwarf-with-dsym";
				ENABLE_NS_ASSERTIONS = NO;
				ENABLE_STRICT_OBJC_MSGSEND = YES;
				GCC_C_LANGUAGE_STANDARD = gnu11;
				GCC_NO_COMMON_BLOCKS = YES;
				GCC_WARN_64_TO_32_BIT_CONVERSION = YES;
				GCC_WARN_ABOUT_RETURN_TYPE = YES_ERROR;
				GCC_WARN_UNDECLARED_SELECTOR = YES;
				GCC_WARN_UNINITIALIZED_AUTOS = YES_AGGRESSIVE;
				GCC_WARN_UNUSED_FUNCTION = YES;
				GCC_WARN_UNUSED_VARIABLE = YES;
				IPHONEOS_DEPLOYMENT_TARGET = 15.2;
				MTL_ENABLE_DEBUG_INFO = NO;
				MTL_FAST_MATH = YES;
				SDKROOT = iphoneos;
				SWIFT_COMPILATION_MODE = wholemodule;
				SWIFT_OPTIMIZATION_LEVEL = "-O";
				VALIDATE_PRODUCT = YES;
			};
			name = Release;
		};
		4F9A8A402899A134002EA038 /* Debug */ = {
			isa = XCBuildConfiguration;
			buildSettings = {
				ASSETCATALOG_COMPILER_APPICON_NAME = AppIcon;
				ASSETCATALOG_COMPILER_GLOBAL_ACCENT_COLOR_NAME = AccentColor;
				CODE_SIGN_STYLE = Automatic;
				CURRENT_PROJECT_VERSION = 1;
				GENERATE_INFOPLIST_FILE = YES;
				INFOPLIST_FILE = "hidden history/Info.plist";
				INFOPLIST_KEY_UIApplicationSupportsIndirectInputEvents = YES;
				INFOPLIST_KEY_UILaunchStoryboardName = LaunchScreen;
				INFOPLIST_KEY_UIMainStoryboardFile = Main;
				INFOPLIST_KEY_UISupportedInterfaceOrientations_iPad = "UIInterfaceOrientationPortrait UIInterfaceOrientationPortraitUpsideDown UIInterfaceOrientationLandscapeLeft UIInterfaceOrientationLandscapeRight";
				INFOPLIST_KEY_UISupportedInterfaceOrientations_iPhone = "UIInterfaceOrientationPortrait UIInterfaceOrientationLandscapeLeft UIInterfaceOrientationLandscapeRight";
				LD_RUNPATH_SEARCH_PATHS = (
					"$(inherited)",
					"@executable_path/Frameworks",
				);
				MARKETING_VERSION = 1.0;
				PRODUCT_BUNDLE_IDENTIFIER = "KwK.hidden-history";
				PRODUCT_NAME = "$(TARGET_NAME)";
				SWIFT_EMIT_LOC_STRINGS = YES;
				SWIFT_VERSION = 5.0;
				TARGETED_DEVICE_FAMILY = "1,2";
			};
			name = Debug;
		};
		4F9A8A412899A134002EA038 /* Release */ = {
			isa = XCBuildConfiguration;
			buildSettings = {
				ASSETCATALOG_COMPILER_APPICON_NAME = AppIcon;
				ASSETCATALOG_COMPILER_GLOBAL_ACCENT_COLOR_NAME = AccentColor;
				CODE_SIGN_STYLE = Automatic;
				CURRENT_PROJECT_VERSION = 1;
				GENERATE_INFOPLIST_FILE = YES;
				INFOPLIST_FILE = "hidden history/Info.plist";
				INFOPLIST_KEY_UIApplicationSupportsIndirectInputEvents = YES;
				INFOPLIST_KEY_UILaunchStoryboardName = LaunchScreen;
				INFOPLIST_KEY_UIMainStoryboardFile = Main;
				INFOPLIST_KEY_UISupportedInterfaceOrientations_iPad = "UIInterfaceOrientationPortrait UIInterfaceOrientationPortraitUpsideDown UIInterfaceOrientationLandscapeLeft UIInterfaceOrientationLandscapeRight";
				INFOPLIST_KEY_UISupportedInterfaceOrientations_iPhone = "UIInterfaceOrientationPortrait UIInterfaceOrientationLandscapeLeft UIInterfaceOrientationLandscapeRight";
				LD_RUNPATH_SEARCH_PATHS = (
					"$(inherited)",
					"@executable_path/Frameworks",
				);
				MARKETING_VERSION = 1.0;
				PRODUCT_BUNDLE_IDENTIFIER = "KwK.hidden-history";
				PRODUCT_NAME = "$(TARGET_NAME)";
				SWIFT_EMIT_LOC_STRINGS = YES;
				SWIFT_VERSION = 5.0;
				TARGETED_DEVICE_FAMILY = "1,2";
			};
			name = Release;
		};
		4F9A8A432899A134002EA038 /* Debug */ = {
			isa = XCBuildConfiguration;
			buildSettings = {
				ALWAYS_EMBED_SWIFT_STANDARD_LIBRARIES = YES;
				BUNDLE_LOADER = "$(TEST_HOST)";
				CODE_SIGN_STYLE = Automatic;
				CURRENT_PROJECT_VERSION = 1;
				GENERATE_INFOPLIST_FILE = YES;
				IPHONEOS_DEPLOYMENT_TARGET = 15.2;
				MARKETING_VERSION = 1.0;
				PRODUCT_BUNDLE_IDENTIFIER = "KwK.hidden-historyTests";
				PRODUCT_NAME = "$(TARGET_NAME)";
				SWIFT_EMIT_LOC_STRINGS = NO;
				SWIFT_VERSION = 5.0;
				TARGETED_DEVICE_FAMILY = "1,2";
				TEST_HOST = "$(BUILT_PRODUCTS_DIR)/hidden history.app/hidden history";
			};
			name = Debug;
		};
		4F9A8A442899A134002EA038 /* Release */ = {
			isa = XCBuildConfiguration;
			buildSettings = {
				ALWAYS_EMBED_SWIFT_STANDARD_LIBRARIES = YES;
				BUNDLE_LOADER = "$(TEST_HOST)";
				CODE_SIGN_STYLE = Automatic;
				CURRENT_PROJECT_VERSION = 1;
				GENERATE_INFOPLIST_FILE = YES;
				IPHONEOS_DEPLOYMENT_TARGET = 15.2;
				MARKETING_VERSION = 1.0;
				PRODUCT_BUNDLE_IDENTIFIER = "KwK.hidden-historyTests";
				PRODUCT_NAME = "$(TARGET_NAME)";
				SWIFT_EMIT_LOC_STRINGS = NO;
				SWIFT_VERSION = 5.0;
				TARGETED_DEVICE_FAMILY = "1,2";
				TEST_HOST = "$(BUILT_PRODUCTS_DIR)/hidden history.app/hidden history";
			};
			name = Release;
		};
		4F9A8A462899A134002EA038 /* Debug */ = {
			isa = XCBuildConfiguration;
			buildSettings = {
				ALWAYS_EMBED_SWIFT_STANDARD_LIBRARIES = YES;
				CODE_SIGN_STYLE = Automatic;
				CURRENT_PROJECT_VERSION = 1;
				GENERATE_INFOPLIST_FILE = YES;
				MARKETING_VERSION = 1.0;
				PRODUCT_BUNDLE_IDENTIFIER = "KwK.hidden-historyUITests";
				PRODUCT_NAME = "$(TARGET_NAME)";
				SWIFT_EMIT_LOC_STRINGS = NO;
				SWIFT_VERSION = 5.0;
				TARGETED_DEVICE_FAMILY = "1,2";
				TEST_TARGET_NAME = "hidden history";
			};
			name = Debug;
		};
		4F9A8A472899A134002EA038 /* Release */ = {
			isa = XCBuildConfiguration;
			buildSettings = {
				ALWAYS_EMBED_SWIFT_STANDARD_LIBRARIES = YES;
				CODE_SIGN_STYLE = Automatic;
				CURRENT_PROJECT_VERSION = 1;
				GENERATE_INFOPLIST_FILE = YES;
				MARKETING_VERSION = 1.0;
				PRODUCT_BUNDLE_IDENTIFIER = "KwK.hidden-historyUITests";
				PRODUCT_NAME = "$(TARGET_NAME)";
				SWIFT_EMIT_LOC_STRINGS = NO;
				SWIFT_VERSION = 5.0;
				TARGETED_DEVICE_FAMILY = "1,2";
				TEST_TARGET_NAME = "hidden history";
			};
			name = Release;
		};
/* End XCBuildConfiguration section */

/* Begin XCConfigurationList section */
		4F9A8A0D2899A12E002EA038 /* Build configuration list for PBXProject "hidden history" */ = {
			isa = XCConfigurationList;
			buildConfigurations = (
				4F9A8A3D2899A134002EA038 /* Debug */,
				4F9A8A3E2899A134002EA038 /* Release */,
			);
			defaultConfigurationIsVisible = 0;
			defaultConfigurationName = Release;
		};
		4F9A8A3F2899A134002EA038 /* Build configuration list for PBXNativeTarget "hidden history" */ = {
			isa = XCConfigurationList;
			buildConfigurations = (
				4F9A8A402899A134002EA038 /* Debug */,
				4F9A8A412899A134002EA038 /* Release */,
			);
			defaultConfigurationIsVisible = 0;
			defaultConfigurationName = Release;
		};
		4F9A8A422899A134002EA038 /* Build configuration list for PBXNativeTarget "hidden historyTests" */ = {
			isa = XCConfigurationList;
			buildConfigurations = (
				4F9A8A432899A134002EA038 /* Debug */,
				4F9A8A442899A134002EA038 /* Release */,
			);
			defaultConfigurationIsVisible = 0;
			defaultConfigurationName = Release;
		};
		4F9A8A452899A134002EA038 /* Build configuration list for PBXNativeTarget "hidden historyUITests" */ = {
			isa = XCConfigurationList;
			buildConfigurations = (
				4F9A8A462899A134002EA038 /* Debug */,
				4F9A8A472899A134002EA038 /* Release */,
			);
			defaultConfigurationIsVisible = 0;
			defaultConfigurationName = Release;
		};
/* End XCConfigurationList section */

/* Begin XCVersionGroup section */
		4F9A8A1E2899A12E002EA038 /* hidden_history.xcdatamodeld */ = {
			isa = XCVersionGroup;
			children = (
				4F9A8A1F2899A12E002EA038 /* hidden_history.xcdatamodel */,
			);
			currentVersion = 4F9A8A1F2899A12E002EA038 /* hidden_history.xcdatamodel */;
			path = hidden_history.xcdatamodeld;
			sourceTree = "<group>";
			versionGroupType = wrapper.xcdatamodel;
		};
/* End XCVersionGroup section */
	};
	rootObject = 4F9A8A0A2899A12E002EA038 /* Project object */;
}
